
Microsoft Visual Studio Solution File, Format Version 12.00
# Visual Studio 15
VisualStudioVersion = 15.0.28307.1145
MinimumVisualStudioVersion = 10.0.40219.1
Project("{FAE04EC0-301F-11D3-BF4B-00C04F79EFBC}") = "HeliosProfileUtils", "HeliosProfileUtils\HeliosProfileUtils.csproj", "{000E3E84-FC17-48BC-96D0-26451A9E3503}"
EndProject
Global
	GlobalSection(SolutionConfigurationPlatforms) = preSolution
		Debug|Any CPU = Debug|Any CPU
		Release|Any CPU = Release|Any CPU
	EndGlobalSection
	GlobalSection(ProjectConfigurationPlatforms) = postSolution
		{000E3E84-FC17-48BC-96D0-26451A9E3503}.Debug|Any CPU.ActiveCfg = Debug|Any CPU
		{000E3E84-FC17-48BC-96D0-26451A9E3503}.Debug|Any CPU.Build.0 = Debug|Any CPU
		{000E3E84-FC17-48BC-96D0-26451A9E3503}.Release|Any CPU.ActiveCfg = Release|Any CPU
		{000E3E84-FC17-48BC-96D0-26451A9E3503}.Release|Any CPU.Build.0 = Release|Any CPU
	EndGlobalSection
	GlobalSection(SolutionProperties) = preSolution
		HideSolutionNode = FALSE
	EndGlobalSection
	GlobalSection(ExtensibilityGlobals) = postSolution
		SolutionGuid = {E0EABBA2-9F45-4767-A24E-B458AEE2B537}
	EndGlobalSection
EndGlobal
